
Microsoft Visual Studio Solution File, Format Version 12.00
# Visual Studio 14
VisualStudioVersion = 14.0.25420.1
MinimumVisualStudioVersion = 10.0.40219.1
Project("{FAE04EC0-301F-11D3-BF4B-00C04F79EFBC}") = "VersionInfoFactory", "ConcertoVersionFactory\VersionInfoFactory.csproj", "{34FF73FF-D134-4CB2-9E94-22D430CE43AB}"
EndProject
Project("{D954291E-2A0B-460D-934E-DC6B0785DB48}") = "VisualStudioFile", "VisualStudioFile\VisualStudioFile.shproj", "{76655CE4-5A79-45E7-BF1B-082F24ED4040}"
EndProject
Project("{FAE04EC0-301F-11D3-BF4B-00C04F79EFBC}") = "VisualStudioFileTests", "VisualStudioFileTests\VisualStudioFileTests.csproj", "{942ED97C-2180-459B-8BBA-C78AEF1DAEC4}"
EndProject
Project("{2150E333-8FDC-42A3-9474-1A3956D46DE8}") = "Solution Items", "Solution Items", "{4E09E165-D7C2-428B-ACBC-E3D4549C1FC4}"
	ProjectSection(SolutionItems) = preProject
		Local.testsettings = Local.testsettings
	EndProjectSection
EndProject
Global
	GlobalSection(SharedMSBuildProjectFiles) = preSolution
		VisualStudioFile\VisualStudioFile.projitems*{34ff73ff-d134-4cb2-9e94-22d430ce43ab}*SharedItemsImports = 4
		VisualStudioFile\VisualStudioFile.projitems*{76655ce4-5a79-45e7-bf1b-082f24ed4040}*SharedItemsImports = 13
		VisualStudioFile\VisualStudioFile.projitems*{942ed97c-2180-459b-8bba-c78aef1daec4}*SharedItemsImports = 4
	EndGlobalSection
	GlobalSection(SolutionConfigurationPlatforms) = preSolution
		Debug|Any CPU = Debug|Any CPU
		Release|Any CPU = Release|Any CPU
	EndGlobalSection
	GlobalSection(ProjectConfigurationPlatforms) = postSolution
		{34FF73FF-D134-4CB2-9E94-22D430CE43AB}.Debug|Any CPU.ActiveCfg = Debug|Any CPU
		{34FF73FF-D134-4CB2-9E94-22D430CE43AB}.Debug|Any CPU.Build.0 = Debug|Any CPU
		{34FF73FF-D134-4CB2-9E94-22D430CE43AB}.Release|Any CPU.ActiveCfg = Release|Any CPU
		{34FF73FF-D134-4CB2-9E94-22D430CE43AB}.Release|Any CPU.Build.0 = Release|Any CPU
		{942ED97C-2180-459B-8BBA-C78AEF1DAEC4}.Debug|Any CPU.ActiveCfg = Debug|Any CPU
		{942ED97C-2180-459B-8BBA-C78AEF1DAEC4}.Debug|Any CPU.Build.0 = Debug|Any CPU
		{942ED97C-2180-459B-8BBA-C78AEF1DAEC4}.Release|Any CPU.ActiveCfg = Release|Any CPU
		{942ED97C-2180-459B-8BBA-C78AEF1DAEC4}.Release|Any CPU.Build.0 = Release|Any CPU
	EndGlobalSection
	GlobalSection(SolutionProperties) = preSolution
		HideSolutionNode = FALSE
	EndGlobalSection
EndGlobal
